
Microsoft Visual Studio Solution File, Format Version 12.00
# Visual Studio Version 17
VisualStudioVersion = 17.0.32014.148
MinimumVisualStudioVersion = 10.0.40219.1
Project("{FAE04EC0-301F-11D3-BF4B-00C04F79EFBC}") = "BanqueBack", "BanqueBack\BanqueBack.csproj", "{83B96012-D1CC-41D7-B141-0251B80FE476}"
EndProject
Global
	GlobalSection(SolutionConfigurationPlatforms) = preSolution
		Debug|Any CPU = Debug|Any CPU
		Release|Any CPU = Release|Any CPU
	EndGlobalSection
	GlobalSection(ProjectConfigurationPlatforms) = postSolution
		{83B96012-D1CC-41D7-B141-0251B80FE476}.Debug|Any CPU.ActiveCfg = Debug|Any CPU
		{83B96012-D1CC-41D7-B141-0251B80FE476}.Debug|Any CPU.Build.0 = Debug|Any CPU
		{83B96012-D1CC-41D7-B141-0251B80FE476}.Release|Any CPU.ActiveCfg = Release|Any CPU
		{83B96012-D1CC-41D7-B141-0251B80FE476}.Release|Any CPU.Build.0 = Release|Any CPU
	EndGlobalSection
	GlobalSection(SolutionProperties) = preSolution
		HideSolutionNode = FALSE
	EndGlobalSection
	GlobalSection(ExtensibilityGlobals) = postSolution
		SolutionGuid = {2C36DB1D-ACC1-4AC9-804E-D879400CAEDE}
	EndGlobalSection
EndGlobal
